
Microsoft Visual Studio Solution File, Format Version 12.00
# Visual Studio Version 17
VisualStudioVersion = 17.13.35818.85
MinimumVisualStudioVersion = 10.0.40219.1
Project("{FAE04EC0-301F-11D3-BF4B-00C04F79EFBC}") = "modul4_103022300107", "modul4_103022300107.csproj", "{4181495A-6D1C-4F4E-B8CF-8248389A227B}"
EndProject
Project("{2150E333-8FDC-42A3-9474-1A3956D46DE8}") = "Solution Items", "Solution Items", "{8EC462FD-D22E-90A8-E5CE-7E832BA40C5D}"
	ProjectSection(SolutionItems) = preProject
		FanLaptop.cs = FanLaptop.cs
	EndProjectSection
EndProject
Global
	GlobalSection(SolutionConfigurationPlatforms) = preSolution
		Debug|Any CPU = Debug|Any CPU
		Release|Any CPU = Release|Any CPU
	EndGlobalSection
	GlobalSection(ProjectConfigurationPlatforms) = postSolution
		{4181495A-6D1C-4F4E-B8CF-8248389A227B}.Debug|Any CPU.ActiveCfg = Debug|Any CPU
		{4181495A-6D1C-4F4E-B8CF-8248389A227B}.Debug|Any CPU.Build.0 = Debug|Any CPU
		{4181495A-6D1C-4F4E-B8CF-8248389A227B}.Release|Any CPU.ActiveCfg = Release|Any CPU
		{4181495A-6D1C-4F4E-B8CF-8248389A227B}.Release|Any CPU.Build.0 = Release|Any CPU
	EndGlobalSection
	GlobalSection(SolutionProperties) = preSolution
		HideSolutionNode = FALSE
	EndGlobalSection
	GlobalSection(ExtensibilityGlobals) = postSolution
		SolutionGuid = {56251C97-4960-49CD-AC89-2B5D61164D81}
	EndGlobalSection
EndGlobal
